
Microsoft Visual Studio Solution File, Format Version 11.00
# Visual Studio 2010
Project("{FAE04EC0-301F-11D3-BF4B-00C04F79EFBC}") = "GestioneLibroSoci", "GestioneLibroSoci\GestioneLibroSoci.csproj", "{E6D8B22A-49FA-4D7F-AD55-7837DB8DED65}"
EndProject
Global
	GlobalSection(SolutionConfigurationPlatforms) = preSolution
		Debug|x86 = Debug|x86
		Release|x86 = Release|x86
	EndGlobalSection
	GlobalSection(ProjectConfigurationPlatforms) = postSolution
		{E6D8B22A-49FA-4D7F-AD55-7837DB8DED65}.Debug|x86.ActiveCfg = Debug|x86
		{E6D8B22A-49FA-4D7F-AD55-7837DB8DED65}.Debug|x86.Build.0 = Debug|x86
		{E6D8B22A-49FA-4D7F-AD55-7837DB8DED65}.Release|x86.ActiveCfg = Release|x86
		{E6D8B22A-49FA-4D7F-AD55-7837DB8DED65}.Release|x86.Build.0 = Release|x86
	EndGlobalSection
	GlobalSection(SolutionProperties) = preSolution
		HideSolutionNode = FALSE
	EndGlobalSection
EndGlobal
